
Microsoft Visual Studio Solution File, Format Version 12.00
# Visual Studio Version 17
VisualStudioVersion = 17.5.002.0
MinimumVisualStudioVersion = 10.0.40219.1
Project("{9A19103F-16F7-4668-BE54-9A1E7A4F7556}") = "practice", "practice\practice.csproj", "{1B195B25-3E62-4826-9623-19CFEEE59EDC}"
EndProject
Global
	GlobalSection(SolutionConfigurationPlatforms) = preSolution
		Debug|Any CPU = Debug|Any CPU
		Release|Any CPU = Release|Any CPU
	EndGlobalSection
	GlobalSection(ProjectConfigurationPlatforms) = postSolution
		{1B195B25-3E62-4826-9623-19CFEEE59EDC}.Debug|Any CPU.ActiveCfg = Debug|Any CPU
		{1B195B25-3E62-4826-9623-19CFEEE59EDC}.Debug|Any CPU.Build.0 = Debug|Any CPU
		{1B195B25-3E62-4826-9623-19CFEEE59EDC}.Release|Any CPU.ActiveCfg = Release|Any CPU
		{1B195B25-3E62-4826-9623-19CFEEE59EDC}.Release|Any CPU.Build.0 = Release|Any CPU
	EndGlobalSection
	GlobalSection(SolutionProperties) = preSolution
		HideSolutionNode = FALSE
	EndGlobalSection
	GlobalSection(ExtensibilityGlobals) = postSolution
		SolutionGuid = {0D1C026C-6A56-4622-80D9-D683979DDF0E}
	EndGlobalSection
EndGlobal
